// !$*UTF8*$!
{
	archiveVersion = 1;
	classes = {
	};
	objectVersion = 56;
	objects = {

/* Begin PBXBuildFile section */
		D16FDB852BD6BA8800B62557 /* AppDelegate.swift in Sources */ = {isa = PBXBuildFile; fileRef = D16FDB842BD6BA8800B62557 /* AppDelegate.swift */; };
		D16FDB872BD6BA8800B62557 /* SceneDelegate.swift in Sources */ = {isa = PBXBuildFile; fileRef = D16FDB862BD6BA8800B62557 /* SceneDelegate.swift */; };
		D16FDB892BD6BA8800B62557 /* ViewController.swift in Sources */ = {isa = PBXBuildFile; fileRef = D16FDB882BD6BA8800B62557 /* ViewController.swift */; };
		D16FDB8C2BD6BA8800B62557 /* Base in Resources */ = {isa = PBXBuildFile; fileRef = D16FDB8B2BD6BA8800B62557 /* Base */; };
		D16FDB8E2BD6BA8900B62557 /* Assets.xcassets in Resources */ = {isa = PBXBuildFile; fileRef = D16FDB8D2BD6BA8900B62557 /* Assets.xcassets */; };
		D16FDB912BD6BA8900B62557 /* Base in Resources */ = {isa = PBXBuildFile; fileRef = D16FDB902BD6BA8900B62557 /* Base */; };
		D16FDB9C2BD6BA8900B62557 /* Profile_PageTests.swift in Sources */ = {isa = PBXBuildFile; fileRef = D16FDB9B2BD6BA8900B62557 /* Profile_PageTests.swift */; };
		D16FDBA62BD6BA8900B62557 /* Profile_PageUITests.swift in Sources */ = {isa = PBXBuildFile; fileRef = D16FDBA52BD6BA8900B62557 /* Profile_PageUITests.swift */; };
		D16FDBA82BD6BA8900B62557 /* Profile_PageUITestsLaunchTests.swift in Sources */ = {isa = PBXBuildFile; fileRef = D16FDBA72BD6BA8900B62557 /* Profile_PageUITestsLaunchTests.swift */; };
		D16FDBB52BD6C61000B62557 /* SettingTableViewCell.swift in Sources */ = {isa = PBXBuildFile; fileRef = D16FDBB42BD6C61000B62557 /* SettingTableViewCell.swift */; };
/* End PBXBuildFile section */

/* Begin PBXContainerItemProxy section */
		D16FDB982BD6BA8900B62557 /* PBXContainerItemProxy */ = {
			isa = PBXContainerItemProxy;
			containerPortal = D16FDB792BD6BA8800B62557 /* Project object */;
			proxyType = 1;
			remoteGlobalIDString = D16FDB802BD6BA8800B62557;
			remoteInfo = "Profile Page";
		};
		D16FDBA22BD6BA8900B62557 /* PBXContainerItemProxy */ = {
			isa = PBXContainerItemProxy;
			containerPortal = D16FDB792BD6BA8800B62557 /* Project object */;
			proxyType = 1;
			remoteGlobalIDString = D16FDB802BD6BA8800B62557;
			remoteInfo = "Profile Page";
		};
/* End PBXContainerItemProxy section */

/* Begin PBXFileReference section */
		D16FDB812BD6BA8800B62557 /* Profile Page.app */ = {isa = PBXFileReference; explicitFileType = wrapper.application; includeInIndex = 0; path = "Profile Page.app"; sourceTree = BUILT_PRODUCTS_DIR; };
		D16FDB842BD6BA8800B62557 /* AppDelegate.swift */ = {isa = PBXFileReference; lastKnownFileType = sourcecode.swift; path = AppDelegate.swift; sourceTree = "<group>"; };
		D16FDB862BD6BA8800B62557 /* SceneDelegate.swift */ = {isa = PBXFileReference; lastKnownFileType = sourcecode.swift; path = SceneDelegate.swift; sourceTree = "<group>"; };
		D16FDB882BD6BA8800B62557 /* ViewController.swift */ = {isa = PBXFileReference; lastKnownFileType = sourcecode.swift; path = ViewController.swift; sourceTree = "<group>"; };
		D16FDB8B2BD6BA8800B62557 /* Base */ = {isa = PBXFileReference; lastKnownFileType = file.storyboard; name = Base; path = Base.lproj/Main.storyboard; sourceTree = "<group>"; };
		D16FDB8D2BD6BA8900B62557 /* Assets.xcassets */ = {isa = PBXFileReference; lastKnownFileType = folder.assetcatalog; path = Assets.xcassets; sourceTree = "<group>"; };
		D16FDB902BD6BA8900B62557 /* Base */ = {isa = PBXFileReference; lastKnownFileType = file.storyboard; name = Base; path = Base.lproj/LaunchScreen.storyboard; sourceTree = "<group>"; };
		D16FDB922BD6BA8900B62557 /* Info.plist */ = {isa = PBXFileReference; lastKnownFileType = text.plist.xml; path = Info.plist; sourceTree = "<group>"; };
		D16FDB972BD6BA8900B62557 /* Profile PageTests.xctest */ = {isa = PBXFileReference; explicitFileType = wrapper.cfbundle; includeInIndex = 0; path = "Profile PageTests.xctest"; sourceTree = BUILT_PRODUCTS_DIR; };
		D16FDB9B2BD6BA8900B62557 /* Profile_PageTests.swift */ = {isa = PBXFileReference; lastKnownFileType = sourcecode.swift; path = Profile_PageTests.swift; sourceTree = "<group>"; };
		D16FDBA12BD6BA8900B62557 /* Profile PageUITests.xctest */ = {isa = PBXFileReference; explicitFileType = wrapper.cfbundle; includeInIndex = 0; path = "Profile PageUITests.xctest"; sourceTree = BUILT_PRODUCTS_DIR; };
		D16FDBA52BD6BA8900B62557 /* Profile_PageUITests.swift */ = {isa = PBXFileReference; lastKnownFileType = sourcecode.swift; path = Profile_PageUITests.swift; sourceTree = "<group>"; };
		D16FDBA72BD6BA8900B62557 /* Profile_PageUITestsLaunchTests.swift */ = {isa = PBXFileReference; lastKnownFileType = sourcecode.swift; path = Profile_PageUITestsLaunchTests.swift; sourceTree = "<group>"; };
		D16FDBB42BD6C61000B62557 /* SettingTableViewCell.swift */ = {isa = PBXFileReference; lastKnownFileType = sourcecode.swift; path = SettingTableViewCell.swift; sourceTree = "<group>"; };
/* End PBXFileReference section */

/* Begin PBXFrameworksBuildPhase section */
		D16FDB7E2BD6BA8800B62557 /* Frameworks */ = {
			isa = PBXFrameworksBuildPhase;
			buildActionMask = 2147483647;
			files = (
			);
			runOnlyForDeploymentPostprocessing = 0;
		};
		D16FDB942BD6BA8900B62557 /* Frameworks */ = {
			isa = PBXFrameworksBuildPhase;
			buildActionMask = 2147483647;
			files = (
			);
			runOnlyForDeploymentPostprocessing = 0;
		};
		D16FDB9E2BD6BA8900B62557 /* Frameworks */ = {
			isa = PBXFrameworksBuildPhase;
			buildActionMask = 2147483647;
			files = (
			);
			runOnlyForDeploymentPostprocessing = 0;
		};
/* End PBXFrameworksBuildPhase section */

/* Begin PBXGroup section */
		D16FDB782BD6BA8800B62557 = {
			isa = PBXGroup;
			children = (
				D16FDB832BD6BA8800B62557 /* Profile Page */,
				D16FDB9A2BD6BA8900B62557 /* Profile PageTests */,
				D16FDBA42BD6BA8900B62557 /* Profile PageUITests */,
				D16FDB822BD6BA8800B62557 /* Products */,
			);
			sourceTree = "<group>";
		};
		D16FDB822BD6BA8800B62557 /* Products */ = {
			isa = PBXGroup;
			children = (
				D16FDB812BD6BA8800B62557 /* Profile Page.app */,
				D16FDB972BD6BA8900B62557 /* Profile PageTests.xctest */,
				D16FDBA12BD6BA8900B62557 /* Profile PageUITests.xctest */,
			);
			name = Products;
			sourceTree = "<group>";
		};
		D16FDB832BD6BA8800B62557 /* Profile Page */ = {
			isa = PBXGroup;
			children = (
				D16FDB842BD6BA8800B62557 /* AppDelegate.swift */,
				D16FDB862BD6BA8800B62557 /* SceneDelegate.swift */,
				D16FDB882BD6BA8800B62557 /* ViewController.swift */,
				D16FDB8A2BD6BA8800B62557 /* Main.storyboard */,
				D16FDB8D2BD6BA8900B62557 /* Assets.xcassets */,
				D16FDB8F2BD6BA8900B62557 /* LaunchScreen.storyboard */,
				D16FDB922BD6BA8900B62557 /* Info.plist */,
				D16FDBB42BD6C61000B62557 /* SettingTableViewCell.swift */,
			);
			path = "Profile Page";
			sourceTree = "<group>";
		};
		D16FDB9A2BD6BA8900B62557 /* Profile PageTests */ = {
			isa = PBXGroup;
			children = (
				D16FDB9B2BD6BA8900B62557 /* Profile_PageTests.swift */,
			);
			path = "Profile PageTests";
			sourceTree = "<group>";
		};
		D16FDBA42BD6BA8900B62557 /* Profile PageUITests */ = {
			isa = PBXGroup;
			children = (
				D16FDBA52BD6BA8900B62557 /* Profile_PageUITests.swift */,
				D16FDBA72BD6BA8900B62557 /* Profile_PageUITestsLaunchTests.swift */,
			);
			path = "Profile PageUITests";
			sourceTree = "<group>";
		};
/* End PBXGroup section */

/* Begin PBXNativeTarget section */
		D16FDB802BD6BA8800B62557 /* Profile Page */ = {
			isa = PBXNativeTarget;
			buildConfigurationList = D16FDBAB2BD6BA8900B62557 /* Build configuration list for PBXNativeTarget "Profile Page" */;
			buildPhases = (
				D16FDB7D2BD6BA8800B62557 /* Sources */,
				D16FDB7E2BD6BA8800B62557 /* Frameworks */,
				D16FDB7F2BD6BA8800B62557 /* Resources */,
			);
			buildRules = (
			);
			dependencies = (
			);
			name = "Profile Page";
			productName = "Profile Page";
			productReference = D16FDB812BD6BA8800B62557 /* Profile Page.app */;
			productType = "com.apple.product-type.application";
		};
		D16FDB962BD6BA8900B62557 /* Profile PageTests */ = {
			isa = PBXNativeTarget;
			buildConfigurationList = D16FDBAE2BD6BA8900B62557 /* Build configuration list for PBXNativeTarget "Profile PageTests" */;
			buildPhases = (
				D16FDB932BD6BA8900B62557 /* Sources */,
				D16FDB942BD6BA8900B62557 /* Frameworks */,
				D16FDB952BD6BA8900B62557 /* Resources */,
			);
			buildRules = (
			);
			dependencies = (
				D16FDB992BD6BA8900B62557 /* PBXTargetDependency */,
			);
			name = "Profile PageTests";
			productName = "Profile PageTests";
			productReference = D16FDB972BD6BA8900B62557 /* Profile PageTests.xctest */;
			productType = "com.apple.product-type.bundle.unit-test";
		};
		D16FDBA02BD6BA8900B62557 /* Profile PageUITests */ = {
			isa = PBXNativeTarget;
			buildConfigurationList = D16FDBB12BD6BA8900B62557 /* Build configuration list for PBXNativeTarget "Profile PageUITests" */;
			buildPhases = (
				D16FDB9D2BD6BA8900B62557 /* Sources */,
				D16FDB9E2BD6BA8900B62557 /* Frameworks */,
				D16FDB9F2BD6BA8900B62557 /* Resources */,
			);
			buildRules = (
			);
			dependencies = (
				D16FDBA32BD6BA8900B62557 /* PBXTargetDependency */,
			);
			name = "Profile PageUITests";
			productName = "Profile PageUITests";
			productReference = D16FDBA12BD6BA8900B62557 /* Profile PageUITests.xctest */;
			productType = "com.apple.product-type.bundle.ui-testing";
		};
/* End PBXNativeTarget section */

/* Begin PBXProject section */
		D16FDB792BD6BA8800B62557 /* Project object */ = {
			isa = PBXProject;
			attributes = {
				BuildIndependentTargetsInParallel = 1;
				LastSwiftUpdateCheck = 1530;
				LastUpgradeCheck = 1530;
				TargetAttributes = {
					D16FDB802BD6BA8800B62557 = {
						CreatedOnToolsVersion = 15.3;
					};
					D16FDB962BD6BA8900B62557 = {
						CreatedOnToolsVersion = 15.3;
						TestTargetID = D16FDB802BD6BA8800B62557;
					};
					D16FDBA02BD6BA8900B62557 = {
						CreatedOnToolsVersion = 15.3;
						TestTargetID = D16FDB802BD6BA8800B62557;
					};
				};
			};
			buildConfigurationList = D16FDB7C2BD6BA8800B62557 /* Build configuration list for PBXProject "Profile Page" */;
			compatibilityVersion = "Xcode 14.0";
			developmentRegion = en;
			hasScannedForEncodings = 0;
			knownRegions = (
				en,
				Base,
			);
			mainGroup = D16FDB782BD6BA8800B62557;
			productRefGroup = D16FDB822BD6BA8800B62557 /* Products */;
			projectDirPath = "";
			projectRoot = "";
			targets = (
				D16FDB802BD6BA8800B62557 /* Profile Page */,
				D16FDB962BD6BA8900B62557 /* Profile PageTests */,
				D16FDBA02BD6BA8900B62557 /* Profile PageUITests */,
			);
		};
/* End PBXProject section */

/* Begin PBXResourcesBuildPhase section */
		D16FDB7F2BD6BA8800B62557 /* Resources */ = {
			isa = PBXResourcesBuildPhase;
			buildActionMask = 2147483647;
			files = (
				D16FDB8E2BD6BA8900B62557 /* Assets.xcassets in Resources */,
				D16FDB912BD6BA8900B62557 /* Base in Resources */,
				D16FDB8C2BD6BA8800B62557 /* Base in Resources */,
			);
			runOnlyForDeploymentPostprocessing = 0;
		};
		D16FDB952BD6BA8900B62557 /* Resources */ = {
			isa = PBXResourcesBuildPhase;
			buildActionMask = 2147483647;
			files = (
			);
			runOnlyForDeploymentPostprocessing = 0;
		};
		D16FDB9F2BD6BA8900B62557 /* Resources */ = {
			isa = PBXResourcesBuildPhase;
			buildActionMask = 2147483647;
			files = (
			);
			runOnlyForDeploymentPostprocessing = 0;
		};
/* End PBXResourcesBuildPhase section */

/* Begin PBXSourcesBuildPhase section */
		D16FDB7D2BD6BA8800B62557 /* Sources */ = {
			isa = PBXSourcesBuildPhase;
			buildActionMask = 2147483647;
			files = (
				D16FDB892BD6BA8800B62557 /* ViewController.swift in Sources */,
				D16FDB852BD6BA8800B62557 /* AppDelegate.swift in Sources */,
				D16FDBB52BD6C61000B62557 /* SettingTableViewCell.swift in Sources */,
				D16FDB872BD6BA8800B62557 /* SceneDelegate.swift in Sources */,
			);
			runOnlyForDeploymentPostprocessing = 0;
		};
		D16FDB932BD6BA8900B62557 /* Sources */ = {
			isa = PBXSourcesBuildPhase;
			buildActionMask = 2147483647;
			files = (
				D16FDB9C2BD6BA8900B62557 /* Profile_PageTests.swift in Sources */,
			);
			runOnlyForDeploymentPostprocessing = 0;
		};
		D16FDB9D2BD6BA8900B62557 /* Sources */ = {
			isa = PBXSourcesBuildPhase;
			buildActionMask = 2147483647;
			files = (
				D16FDBA62BD6BA8900B62557 /* Profile_PageUITests.swift in Sources */,
				D16FDBA82BD6BA8900B62557 /* Profile_PageUITestsLaunchTests.swift in Sources */,
			);
			runOnlyForDeploymentPostprocessing = 0;
		};
/* End PBXSourcesBuildPhase section */

/* Begin PBXTargetDependency section */
		D16FDB992BD6BA8900B62557 /* PBXTargetDependency */ = {
			isa = PBXTargetDependency;
			target = D16FDB802BD6BA8800B62557 /* Profile Page */;
			targetProxy = D16FDB982BD6BA8900B62557 /* PBXContainerItemProxy */;
		};
		D16FDBA32BD6BA8900B62557 /* PBXTargetDependency */ = {
			isa = PBXTargetDependency;
			target = D16FDB802BD6BA8800B62557 /* Profile Page */;
			targetProxy = D16FDBA22BD6BA8900B62557 /* PBXContainerItemProxy */;
		};
/* End PBXTargetDependency section */

/* Begin PBXVariantGroup section */
		D16FDB8A2BD6BA8800B62557 /* Main.storyboard */ = {
			isa = PBXVariantGroup;
			children = (
				D16FDB8B2BD6BA8800B62557 /* Base */,
			);
			name = Main.storyboard;
			sourceTree = "<group>";
		};
		D16FDB8F2BD6BA8900B62557 /* LaunchScreen.storyboard */ = {
			isa = PBXVariantGroup;
			children = (
				D16FDB902BD6BA8900B62557 /* Base */,
			);
			name = LaunchScreen.storyboard;
			sourceTree = "<group>";
		};
/* End PBXVariantGroup section */

/* Begin XCBuildConfiguration section */
		D16FDBA92BD6BA8900B62557 /* Debug */ = {
			isa = XCBuildConfiguration;
			buildSettings = {
				ALWAYS_SEARCH_USER_PATHS = NO;
				ASSETCATALOG_COMPILER_GENERATE_SWIFT_ASSET_SYMBOL_EXTENSIONS = YES;
				CLANG_ANALYZER_NONNULL = YES;
				CLANG_ANALYZER_NUMBER_OBJECT_CONVERSION = YES_AGGRESSIVE;
				CLANG_CXX_LANGUAGE_STANDARD = "gnu++20";
				CLANG_ENABLE_MODULES = YES;
				CLANG_ENABLE_OBJC_ARC = YES;
				CLANG_ENABLE_OBJC_WEAK = YES;
				CLANG_WARN_BLOCK_CAPTURE_AUTORELEASING = YES;
				CLANG_WARN_BOOL_CONVERSION = YES;
				CLANG_WARN_COMMA = YES;
				CLANG_WARN_CONSTANT_CONVERSION = YES;
				CLANG_WARN_DEPRECATED_OBJC_IMPLEMENTATIONS = YES;
				CLANG_WARN_DIRECT_OBJC_ISA_USAGE = YES_ERROR;
				CLANG_WARN_DOCUMENTATION_COMMENTS = YES;
				CLANG_WARN_EMPTY_BODY = YES;
				CLANG_WARN_ENUM_CONVERSION = YES;
				CLANG_WARN_INFINITE_RECURSION = YES;
				CLANG_WARN_INT_CONVERSION = YES;
				CLANG_WARN_NON_LITERAL_NULL_CONVERSION = YES;
				CLANG_WARN_OBJC_IMPLICIT_RETAIN_SELF = YES;
				CLANG_WARN_OBJC_LITERAL_CONVERSION = YES;
				CLANG_WARN_OBJC_ROOT_CLASS = YES_ERROR;
				CLANG_WARN_QUOTED_INCLUDE_IN_FRAMEWORK_HEADER = YES;
				CLANG_WARN_RANGE_LOOP_ANALYSIS = YES;
				CLANG_WARN_STRICT_PROTOTYPES = YES;
				CLANG_WARN_SUSPICIOUS_MOVE = YES;
				CLANG_WARN_UNGUARDED_AVAILABILITY = YES_AGGRESSIVE;
				CLANG_WARN_UNREACHABLE_CODE = YES;
				CLANG_WARN__DUPLICATE_METHOD_MATCH = YES;
				COPY_PHASE_STRIP = NO;
				DEBUG_INFORMATION_FORMAT = dwarf;
				ENABLE_STRICT_OBJC_MSGSEND = YES;
				ENABLE_TESTABILITY = YES;
				ENABLE_USER_SCRIPT_SANDBOXING = YES;
				GCC_C_LANGUAGE_STANDARD = gnu17;
				GCC_DYNAMIC_NO_PIC = NO;
				GCC_NO_COMMON_BLOCKS = YES;
				GCC_OPTIMIZATION_LEVEL = 0;
				GCC_PREPROCESSOR_DEFINITIONS = (
					"DEBUG=1",
					"$(inherited)",
				);
				GCC_WARN_64_TO_32_BIT_CONVERSION = YES;
				GCC_WARN_ABOUT_RETURN_TYPE = YES_ERROR;
				GCC_WARN_UNDECLARED_SELECTOR = YES;
				GCC_WARN_UNINITIALIZED_AUTOS = YES_AGGRESSIVE;
				GCC_WARN_UNUSED_FUNCTION = YES;
				GCC_WARN_UNUSED_VARIABLE = YES;
				IPHONEOS_DEPLOYMENT_TARGET = 17.4;
				LOCALIZATION_PREFERS_STRING_CATALOGS = YES;
				MTL_ENABLE_DEBUG_INFO = INCLUDE_SOURCE;
				MTL_FAST_MATH = YES;
				ONLY_ACTIVE_ARCH = YES;
				SDKROOT = iphoneos;
				SWIFT_ACTIVE_COMPILATION_CONDITIONS = "DEBUG $(inherited)";
				SWIFT_OPTIMIZATION_LEVEL = "-Onone";
			};
			name = Debug;
		};
		D16FDBAA2BD6BA8900B62557 /* Release */ = {
			isa = XCBuildConfiguration;
			buildSettings = {
				ALWAYS_SEARCH_USER_PATHS = NO;
				ASSETCATALOG_COMPILER_GENERATE_SWIFT_ASSET_SYMBOL_EXTENSIONS = YES;
				CLANG_ANALYZER_NONNULL = YES;
				CLANG_ANALYZER_NUMBER_OBJECT_CONVERSION = YES_AGGRESSIVE;
				CLANG_CXX_LANGUAGE_STANDARD = "gnu++20";
				CLANG_ENABLE_MODULES = YES;
				CLANG_ENABLE_OBJC_ARC = YES;
				CLANG_ENABLE_OBJC_WEAK = YES;
				CLANG_WARN_BLOCK_CAPTURE_AUTORELEASING = YES;
				CLANG_WARN_BOOL_CONVERSION = YES;
				CLANG_WARN_COMMA = YES;
				CLANG_WARN_CONSTANT_CONVERSION = YES;
				CLANG_WARN_DEPRECATED_OBJC_IMPLEMENTATIONS = YES;
				CLANG_WARN_DIRECT_OBJC_ISA_USAGE = YES_ERROR;
				CLANG_WARN_DOCUMENTATION_COMMENTS = YES;
				CLANG_WARN_EMPTY_BODY = YES;
				CLANG_WARN_ENUM_CONVERSION = YES;
				CLANG_WARN_INFINITE_RECURSION = YES;
				CLANG_WARN_INT_CONVERSION = YES;
				CLANG_WARN_NON_LITERAL_NULL_CONVERSION = YES;
				CLANG_WARN_OBJC_IMPLICIT_RETAIN_SELF = YES;
				CLANG_WARN_OBJC_LITERAL_CONVERSION = YES;
				CLANG_WARN_OBJC_ROOT_CLASS = YES_ERROR;
				CLANG_WARN_QUOTED_INCLUDE_IN_FRAMEWORK_HEADER = YES;
				CLANG_WARN_RANGE_LOOP_ANALYSIS = YES;
				CLANG_WARN_STRICT_PROTOTYPES = YES;
				CLANG_WARN_SUSPICIOUS_MOVE = YES;
				CLANG_WARN_UNGUARDED_AVAILABILITY = YES_AGGRESSIVE;
				CLANG_WARN_UNREACHABLE_CODE = YES;
				CLANG_WARN__DUPLICATE_METHOD_MATCH = YES;
				COPY_PHASE_STRIP = NO;
				DEBUG_INFORMATION_FORMAT = "dwarf-with-dsym";
				ENABLE_NS_ASSERTIONS = NO;
				ENABLE_STRICT_OBJC_MSGSEND = YES;
				ENABLE_USER_SCRIPT_SANDBOXING = YES;
				GCC_C_LANGUAGE_STANDARD = gnu17;
				GCC_NO_COMMON_BLOCKS = YES;
				GCC_WARN_64_TO_32_BIT_CONVERSION = YES;
				GCC_WARN_ABOUT_RETURN_TYPE = YES_ERROR;
				GCC_WARN_UNDECLARED_SELECTOR = YES;
				GCC_WARN_UNINITIALIZED_AUTOS = YES_AGGRESSIVE;
				GCC_WARN_UNUSED_FUNCTION = YES;
				GCC_WARN_UNUSED_VARIABLE = YES;
				IPHONEOS_DEPLOYMENT_TARGET = 17.4;
				LOCALIZATION_PREFERS_STRING_CATALOGS = YES;
				MTL_ENABLE_DEBUG_INFO = NO;
				MTL_FAST_MATH = YES;
				SDKROOT = iphoneos;
				SWIFT_COMPILATION_MODE = wholemodule;
				VALIDATE_PRODUCT = YES;
			};
			name = Release;
		};
		D16FDBAC2BD6BA8900B62557 /* Debug */ = {
			isa = XCBuildConfiguration;
			buildSettings = {
				ASSETCATALOG_COMPILER_APPICON_NAME = AppIcon;
				ASSETCATALOG_COMPILER_GLOBAL_ACCENT_COLOR_NAME = AccentColor;
				CODE_SIGN_STYLE = Automatic;
				CURRENT_PROJECT_VERSION = 1;
				DEVELOPMENT_TEAM = QBN2C95DWR;
				GENERATE_INFOPLIST_FILE = YES;
				INFOPLIST_FILE = "Profile Page/Info.plist";
				INFOPLIST_KEY_UIApplicationSupportsIndirectInputEvents = YES;
				INFOPLIST_KEY_UILaunchStoryboardName = LaunchScreen;
				INFOPLIST_KEY_UIMainStoryboardFile = Main;
				INFOPLIST_KEY_UISupportedInterfaceOrientations_iPad = "UIInterfaceOrientationPortrait UIInterfaceOrientationPortraitUpsideDown UIInterfaceOrientationLandscapeLeft UIInterfaceOrientationLandscapeRight";
				INFOPLIST_KEY_UISupportedInterfaceOrientations_iPhone = "UIInterfaceOrientationPortrait UIInterfaceOrientationLandscapeLeft UIInterfaceOrientationLandscapeRight";
				LD_RUNPATH_SEARCH_PATHS = (
					"$(inherited)",
					"@executable_path/Frameworks",
				);
				MARKETING_VERSION = 1.0;
				PRODUCT_BUNDLE_IDENTIFIER = "com.prabal.org.Profile-Page";
				PRODUCT_NAME = "$(TARGET_NAME)";
				SWIFT_EMIT_LOC_STRINGS = YES;
				SWIFT_VERSION = 5.0;
				TARGETED_DEVICE_FAMILY = "1,2";
			};
			name = Debug;
		};
		D16FDBAD2BD6BA8900B62557 /* Release */ = {
			isa = XCBuildConfiguration;
			buildSettings = {
				ASSETCATALOG_COMPILER_APPICON_NAME = AppIcon;
				ASSETCATALOG_COMPILER_GLOBAL_ACCENT_COLOR_NAME = AccentColor;
				CODE_SIGN_STYLE = Automatic;
				CURRENT_PROJECT_VERSION = 1;
				DEVELOPMENT_TEAM = QBN2C95DWR;
				GENERATE_INFOPLIST_FILE = YES;
				INFOPLIST_FILE = "Profile Page/Info.plist";
				INFOPLIST_KEY_UIApplicationSupportsIndirectInputEvents = YES;
				INFOPLIST_KEY_UILaunchStoryboardName = LaunchScreen;
				INFOPLIST_KEY_UIMainStoryboardFile = Main;
				INFOPLIST_KEY_UISupportedInterfaceOrientations_iPad = "UIInterfaceOrientationPortrait UIInterfaceOrientationPortraitUpsideDown UIInterfaceOrientationLandscapeLeft UIInterfaceOrientationLandscapeRight";
				INFOPLIST_KEY_UISupportedInterfaceOrientations_iPhone = "UIInterfaceOrientationPortrait UIInterfaceOrientationLandscapeLeft UIInterfaceOrientationLandscapeRight";
				LD_RUNPATH_SEARCH_PATHS = (
					"$(inherited)",
					"@executable_path/Frameworks",
				);
				MARKETING_VERSION = 1.0;
				PRODUCT_BUNDLE_IDENTIFIER = "com.prabal.org.Profile-Page";
				PRODUCT_NAME = "$(TARGET_NAME)";
				SWIFT_EMIT_LOC_STRINGS = YES;
				SWIFT_VERSION = 5.0;
				TARGETED_DEVICE_FAMILY = "1,2";
			};
			name = Release;
		};
		D16FDBAF2BD6BA8900B62557 /* Debug */ = {
			isa = XCBuildConfiguration;
			buildSettings = {
				ALWAYS_EMBED_SWIFT_STANDARD_LIBRARIES = YES;
				BUNDLE_LOADER = "$(TEST_HOST)";
				CODE_SIGN_STYLE = Automatic;
				CURRENT_PROJECT_VERSION = 1;
				DEVELOPMENT_TEAM = QBN2C95DWR;
				GENERATE_INFOPLIST_FILE = YES;
				IPHONEOS_DEPLOYMENT_TARGET = 17.4;
				MARKETING_VERSION = 1.0;
				PRODUCT_BUNDLE_IDENTIFIER = "com.prabal.org.Profile-PageTests";
				PRODUCT_NAME = "$(TARGET_NAME)";
				SWIFT_EMIT_LOC_STRINGS = NO;
				SWIFT_VERSION = 5.0;
				TARGETED_DEVICE_FAMILY = "1,2";
				TEST_HOST = "$(BUILT_PRODUCTS_DIR)/Profile Page.app/$(BUNDLE_EXECUTABLE_FOLDER_PATH)/Profile Page";
			};
			name = Debug;
		};
		D16FDBB02BD6BA8900B62557 /* Release */ = {
			isa = XCBuildConfiguration;
			buildSettings = {
				ALWAYS_EMBED_SWIFT_STANDARD_LIBRARIES = YES;
				BUNDLE_LOADER = "$(TEST_HOST)";
				CODE_SIGN_STYLE = Automatic;
				CURRENT_PROJECT_VERSION = 1;
				DEVELOPMENT_TEAM = QBN2C95DWR;
				GENERATE_INFOPLIST_FILE = YES;
				IPHONEOS_DEPLOYMENT_TARGET = 17.4;
				MARKETING_VERSION = 1.0;
				PRODUCT_BUNDLE_IDENTIFIER = "com.prabal.org.Profile-PageTests";
				PRODUCT_NAME = "$(TARGET_NAME)";
				SWIFT_EMIT_LOC_STRINGS = NO;
				SWIFT_VERSION = 5.0;
				TARGETED_DEVICE_FAMILY = "1,2";
				TEST_HOST = "$(BUILT_PRODUCTS_DIR)/Profile Page.app/$(BUNDLE_EXECUTABLE_FOLDER_PATH)/Profile Page";
			};
			name = Release;
		};
		D16FDBB22BD6BA8900B62557 /* Debug */ = {
			isa = XCBuildConfiguration;
			buildSettings = {
				ALWAYS_EMBED_SWIFT_STANDARD_LIBRARIES = YES;
				CODE_SIGN_STYLE = Automatic;
				CURRENT_PROJECT_VERSION = 1;
				DEVELOPMENT_TEAM = QBN2C95DWR;
				GENERATE_INFOPLIST_FILE = YES;
				MARKETING_VERSION = 1.0;
				PRODUCT_BUNDLE_IDENTIFIER = "com.prabal.org.Profile-PageUITests";
				PRODUCT_NAME = "$(TARGET_NAME)";
				SWIFT_EMIT_LOC_STRINGS = NO;
				SWIFT_VERSION = 5.0;
				TARGETED_DEVICE_FAMILY = "1,2";
				TEST_TARGET_NAME = "Profile Page";
			};
			name = Debug;
		};
		D16FDBB32BD6BA8900B62557 /* Release */ = {
			isa = XCBuildConfiguration;
			buildSettings = {
				ALWAYS_EMBED_SWIFT_STANDARD_LIBRARIES = YES;
				CODE_SIGN_STYLE = Automatic;
				CURRENT_PROJECT_VERSION = 1;
				DEVELOPMENT_TEAM = QBN2C95DWR;
				GENERATE_INFOPLIST_FILE = YES;
				MARKETING_VERSION = 1.0;
				PRODUCT_BUNDLE_IDENTIFIER = "com.prabal.org.Profile-PageUITests";
				PRODUCT_NAME = "$(TARGET_NAME)";
				SWIFT_EMIT_LOC_STRINGS = NO;
				SWIFT_VERSION = 5.0;
				TARGETED_DEVICE_FAMILY = "1,2";
				TEST_TARGET_NAME = "Profile Page";
			};
			name = Release;
		};
/* End XCBuildConfiguration section */

/* Begin XCConfigurationList section */
		D16FDB7C2BD6BA8800B62557 /* Build configuration list for PBXProject "Profile Page" */ = {
			isa = XCConfigurationList;
			buildConfigurations = (
				D16FDBA92BD6BA8900B62557 /* Debug */,
				D16FDBAA2BD6BA8900B62557 /* Release */,
			);
			defaultConfigurationIsVisible = 0;
			defaultConfigurationName = Release;
		};
		D16FDBAB2BD6BA8900B62557 /* Build configuration list for PBXNativeTarget "Profile Page" */ = {
			isa = XCConfigurationList;
			buildConfigurations = (
				D16FDBAC2BD6BA8900B62557 /* Debug */,
				D16FDBAD2BD6BA8900B62557 /* Release */,
			);
			defaultConfigurationIsVisible = 0;
			defaultConfigurationName = Release;
		};
		D16FDBAE2BD6BA8900B62557 /* Build configuration list for PBXNativeTarget "Profile PageTests" */ = {
			isa = XCConfigurationList;
			buildConfigurations = (
				D16FDBAF2BD6BA8900B62557 /* Debug */,
				D16FDBB02BD6BA8900B62557 /* Release */,
			);
			defaultConfigurationIsVisible = 0;
			defaultConfigurationName = Release;
		};
		D16FDBB12BD6BA8900B62557 /* Build configuration list for PBXNativeTarget "Profile PageUITests" */ = {
			isa = XCConfigurationList;
			buildConfigurations = (
				D16FDBB22BD6BA8900B62557 /* Debug */,
				D16FDBB32BD6BA8900B62557 /* Release */,
			);
			defaultConfigurationIsVisible = 0;
			defaultConfigurationName = Release;
		};
/* End XCConfigurationList section */
	};
	rootObject = D16FDB792BD6BA8800B62557 /* Project object */;
}
